// !$*UTF8*$!
{
	archiveVersion = 1;
	classes = {
	};
	objectVersion = 50;
	objects = {

/* Begin PBXBuildFile section */
		A47ED2BA26A1D59E00B3D5ED /* Tests_iOS.swift in Sources */ = {isa = PBXBuildFile; fileRef = A47ED2B926A1D59E00B3D5ED /* Tests_iOS.swift */; };
		A47ED2C526A1D59E00B3D5ED /* Tests_macOS.swift in Sources */ = {isa = PBXBuildFile; fileRef = A47ED2C426A1D59E00B3D5ED /* Tests_macOS.swift */; };
		A47ED2C726A1D59E00B3D5ED /* LandmarksApp.swift in Sources */ = {isa = PBXBuildFile; fileRef = A47ED29E26A1D59C00B3D5ED /* LandmarksApp.swift */; };
		A47ED2C826A1D59E00B3D5ED /* LandmarksApp.swift in Sources */ = {isa = PBXBuildFile; fileRef = A47ED29E26A1D59C00B3D5ED /* LandmarksApp.swift */; };
		A47ED2C926A1D59E00B3D5ED /* ContentView.swift in Sources */ = {isa = PBXBuildFile; fileRef = A47ED29F26A1D59C00B3D5ED /* ContentView.swift */; };
		A47ED2CA26A1D59E00B3D5ED /* ContentView.swift in Sources */ = {isa = PBXBuildFile; fileRef = A47ED29F26A1D59C00B3D5ED /* ContentView.swift */; };
		A47ED2CB26A1D59E00B3D5ED /* Assets.xcassets in Resources */ = {isa = PBXBuildFile; fileRef = A47ED2A026A1D59E00B3D5ED /* Assets.xcassets */; };
		A47ED2CC26A1D59E00B3D5ED /* Assets.xcassets in Resources */ = {isa = PBXBuildFile; fileRef = A47ED2A026A1D59E00B3D5ED /* Assets.xcassets */; };
		A47ED2DC26A1EB5B00B3D5ED /* CircleImage.swift in Sources */ = {isa = PBXBuildFile; fileRef = A47ED2DB26A1EB5B00B3D5ED /* CircleImage.swift */; };
		A47ED2DD26A1EB5B00B3D5ED /* CircleImage.swift in Sources */ = {isa = PBXBuildFile; fileRef = A47ED2DB26A1EB5B00B3D5ED /* CircleImage.swift */; };
		A47ED2DF26A1F0CB00B3D5ED /* MapView.swift in Sources */ = {isa = PBXBuildFile; fileRef = A47ED2DE26A1F0CB00B3D5ED /* MapView.swift */; };
		A47ED2E026A1F0CB00B3D5ED /* MapView.swift in Sources */ = {isa = PBXBuildFile; fileRef = A47ED2DE26A1F0CB00B3D5ED /* MapView.swift */; };
		A47ED2E226A2245A00B3D5ED /* landmarkData.json in Resources */ = {isa = PBXBuildFile; fileRef = A47ED2E126A2245A00B3D5ED /* landmarkData.json */; };
		A47ED2E326A2245A00B3D5ED /* landmarkData.json in Resources */ = {isa = PBXBuildFile; fileRef = A47ED2E126A2245A00B3D5ED /* landmarkData.json */; };
		A47ED2E526A2295100B3D5ED /* Landmark.swift in Sources */ = {isa = PBXBuildFile; fileRef = A47ED2E426A2295100B3D5ED /* Landmark.swift */; };
		A47ED2E626A2295100B3D5ED /* Landmark.swift in Sources */ = {isa = PBXBuildFile; fileRef = A47ED2E426A2295100B3D5ED /* Landmark.swift */; };
		A47ED2E826A22D2600B3D5ED /* ModelData.swift in Sources */ = {isa = PBXBuildFile; fileRef = A47ED2E726A22D2600B3D5ED /* ModelData.swift */; };
		A47ED2E926A22D2600B3D5ED /* ModelData.swift in Sources */ = {isa = PBXBuildFile; fileRef = A47ED2E726A22D2600B3D5ED /* ModelData.swift */; };
		A47ED2F126A2366F00B3D5ED /* LandmarkRow.swift in Sources */ = {isa = PBXBuildFile; fileRef = A47ED2F026A2366F00B3D5ED /* LandmarkRow.swift */; };
		A47ED2F226A2366F00B3D5ED /* LandmarkRow.swift in Sources */ = {isa = PBXBuildFile; fileRef = A47ED2F026A2366F00B3D5ED /* LandmarkRow.swift */; };
		A4E2B12926A7168D00859501 /* BadgeSymbol.swift in Sources */ = {isa = PBXBuildFile; fileRef = A4E2B12826A7168D00859501 /* BadgeSymbol.swift */; };
		A4E2B12A26A7168D00859501 /* BadgeSymbol.swift in Sources */ = {isa = PBXBuildFile; fileRef = A4E2B12826A7168D00859501 /* BadgeSymbol.swift */; };
		A4E2B12C26A71EBA00859501 /* RotateBadgeSymbol.swift in Sources */ = {isa = PBXBuildFile; fileRef = A4E2B12B26A71EBA00859501 /* RotateBadgeSymbol.swift */; };
		A4E2B12D26A71EBA00859501 /* RotateBadgeSymbol.swift in Sources */ = {isa = PBXBuildFile; fileRef = A4E2B12B26A71EBA00859501 /* RotateBadgeSymbol.swift */; };
		A4E2B12F26A71FEC00859501 /* Badge.swift in Sources */ = {isa = PBXBuildFile; fileRef = A4E2B12E26A71FEC00859501 /* Badge.swift */; };
		A4E2B13026A71FEC00859501 /* Badge.swift in Sources */ = {isa = PBXBuildFile; fileRef = A4E2B12E26A71FEC00859501 /* Badge.swift */; };
		A4E998E326A5C56900FAED75 /* LandmarkList.swift in Sources */ = {isa = PBXBuildFile; fileRef = A4E998E226A5C56900FAED75 /* LandmarkList.swift */; };
		A4E998E426A5C56900FAED75 /* LandmarkList.swift in Sources */ = {isa = PBXBuildFile; fileRef = A4E998E226A5C56900FAED75 /* LandmarkList.swift */; };
		A4E998E626A5C9D700FAED75 /* LandmarkDetail.swift in Sources */ = {isa = PBXBuildFile; fileRef = A4E998E526A5C9D700FAED75 /* LandmarkDetail.swift */; };
		A4E998E726A5C9D700FAED75 /* LandmarkDetail.swift in Sources */ = {isa = PBXBuildFile; fileRef = A4E998E526A5C9D700FAED75 /* LandmarkDetail.swift */; };
		A4E998E926A616C000FAED75 /* FavoriteButton.swift in Sources */ = {isa = PBXBuildFile; fileRef = A4E998E826A616C000FAED75 /* FavoriteButton.swift */; };
		A4E998EA26A616C000FAED75 /* FavoriteButton.swift in Sources */ = {isa = PBXBuildFile; fileRef = A4E998E826A616C000FAED75 /* FavoriteButton.swift */; };
		A4E998EE26A6204F00FAED75 /* HexagonParameters.swift in Sources */ = {isa = PBXBuildFile; fileRef = A4E998ED26A6204F00FAED75 /* HexagonParameters.swift */; };
		A4E998EF26A6204F00FAED75 /* HexagonParameters.swift in Sources */ = {isa = PBXBuildFile; fileRef = A4E998ED26A6204F00FAED75 /* HexagonParameters.swift */; };
		A4E998F126A625F300FAED75 /* BadgeBackground.swift in Sources */ = {isa = PBXBuildFile; fileRef = A4E998F026A625F300FAED75 /* BadgeBackground.swift */; };
		A4E998F226A625F300FAED75 /* BadgeBackground.swift in Sources */ = {isa = PBXBuildFile; fileRef = A4E998F026A625F300FAED75 /* BadgeBackground.swift */; };
/* End PBXBuildFile section */

/* Begin PBXContainerItemProxy section */
		A47ED2B626A1D59E00B3D5ED /* PBXContainerItemProxy */ = {
			isa = PBXContainerItemProxy;
			containerPortal = A47ED29926A1D59C00B3D5ED /* Project object */;
			proxyType = 1;
			remoteGlobalIDString = A47ED2A426A1D59E00B3D5ED;
			remoteInfo = "Landmarks (iOS)";
		};
		A47ED2C126A1D59E00B3D5ED /* PBXContainerItemProxy */ = {
			isa = PBXContainerItemProxy;
			containerPortal = A47ED29926A1D59C00B3D5ED /* Project object */;
			proxyType = 1;
			remoteGlobalIDString = A47ED2AC26A1D59E00B3D5ED;
			remoteInfo = "Landmarks (macOS)";
		};
/* End PBXContainerItemProxy section */

/* Begin PBXFileReference section */
		A47ED29E26A1D59C00B3D5ED /* LandmarksApp.swift */ = {isa = PBXFileReference; lastKnownFileType = sourcecode.swift; path = LandmarksApp.swift; sourceTree = "<group>"; };
		A47ED29F26A1D59C00B3D5ED /* ContentView.swift */ = {isa = PBXFileReference; lastKnownFileType = sourcecode.swift; path = ContentView.swift; sourceTree = "<group>"; };
		A47ED2A026A1D59E00B3D5ED /* Assets.xcassets */ = {isa = PBXFileReference; lastKnownFileType = folder.assetcatalog; path = Assets.xcassets; sourceTree = "<group>"; };
		A47ED2A526A1D59E00B3D5ED /* Landmarks.app */ = {isa = PBXFileReference; explicitFileType = wrapper.application; includeInIndex = 0; path = Landmarks.app; sourceTree = BUILT_PRODUCTS_DIR; };
		A47ED2A826A1D59E00B3D5ED /* Info.plist */ = {isa = PBXFileReference; lastKnownFileType = text.plist.xml; path = Info.plist; sourceTree = "<group>"; };
		A47ED2AD26A1D59E00B3D5ED /* Landmarks.app */ = {isa = PBXFileReference; explicitFileType = wrapper.application; includeInIndex = 0; path = Landmarks.app; sourceTree = BUILT_PRODUCTS_DIR; };
		A47ED2AF26A1D59E00B3D5ED /* Info.plist */ = {isa = PBXFileReference; lastKnownFileType = text.plist.xml; path = Info.plist; sourceTree = "<group>"; };
		A47ED2B026A1D59E00B3D5ED /* macOS.entitlements */ = {isa = PBXFileReference; lastKnownFileType = text.plist.entitlements; path = macOS.entitlements; sourceTree = "<group>"; };
		A47ED2B526A1D59E00B3D5ED /* Tests iOS.xctest */ = {isa = PBXFileReference; explicitFileType = wrapper.cfbundle; includeInIndex = 0; path = "Tests iOS.xctest"; sourceTree = BUILT_PRODUCTS_DIR; };
		A47ED2B926A1D59E00B3D5ED /* Tests_iOS.swift */ = {isa = PBXFileReference; lastKnownFileType = sourcecode.swift; path = Tests_iOS.swift; sourceTree = "<group>"; };
		A47ED2BB26A1D59E00B3D5ED /* Info.plist */ = {isa = PBXFileReference; lastKnownFileType = text.plist.xml; path = Info.plist; sourceTree = "<group>"; };
		A47ED2C026A1D59E00B3D5ED /* Tests macOS.xctest */ = {isa = PBXFileReference; explicitFileType = wrapper.cfbundle; includeInIndex = 0; path = "Tests macOS.xctest"; sourceTree = BUILT_PRODUCTS_DIR; };
		A47ED2C426A1D59E00B3D5ED /* Tests_macOS.swift */ = {isa = PBXFileReference; lastKnownFileType = sourcecode.swift; path = Tests_macOS.swift; sourceTree = "<group>"; };
		A47ED2C626A1D59E00B3D5ED /* Info.plist */ = {isa = PBXFileReference; lastKnownFileType = text.plist.xml; path = Info.plist; sourceTree = "<group>"; };
		A47ED2DB26A1EB5B00B3D5ED /* CircleImage.swift */ = {isa = PBXFileReference; lastKnownFileType = sourcecode.swift; path = CircleImage.swift; sourceTree = "<group>"; };
		A47ED2DE26A1F0CB00B3D5ED /* MapView.swift */ = {isa = PBXFileReference; lastKnownFileType = sourcecode.swift; path = MapView.swift; sourceTree = "<group>"; };
		A47ED2E126A2245A00B3D5ED /* landmarkData.json */ = {isa = PBXFileReference; fileEncoding = 4; lastKnownFileType = text.json; path = landmarkData.json; sourceTree = "<group>"; };
		A47ED2E426A2295100B3D5ED /* Landmark.swift */ = {isa = PBXFileReference; lastKnownFileType = sourcecode.swift; path = Landmark.swift; sourceTree = "<group>"; };
		A47ED2E726A22D2600B3D5ED /* ModelData.swift */ = {isa = PBXFileReference; lastKnownFileType = sourcecode.swift; path = ModelData.swift; sourceTree = "<group>"; };
		A47ED2F026A2366F00B3D5ED /* LandmarkRow.swift */ = {isa = PBXFileReference; lastKnownFileType = sourcecode.swift; path = LandmarkRow.swift; sourceTree = "<group>"; };
		A4E2B12826A7168D00859501 /* BadgeSymbol.swift */ = {isa = PBXFileReference; lastKnownFileType = sourcecode.swift; path = BadgeSymbol.swift; sourceTree = "<group>"; };
		A4E2B12B26A71EBA00859501 /* RotateBadgeSymbol.swift */ = {isa = PBXFileReference; lastKnownFileType = sourcecode.swift; path = RotateBadgeSymbol.swift; sourceTree = "<group>"; };
		A4E2B12E26A71FEC00859501 /* Badge.swift */ = {isa = PBXFileReference; lastKnownFileType = sourcecode.swift; path = Badge.swift; sourceTree = "<group>"; };
		A4E998E226A5C56900FAED75 /* LandmarkList.swift */ = {isa = PBXFileReference; lastKnownFileType = sourcecode.swift; path = LandmarkList.swift; sourceTree = "<group>"; };
		A4E998E526A5C9D700FAED75 /* LandmarkDetail.swift */ = {isa = PBXFileReference; lastKnownFileType = sourcecode.swift; path = LandmarkDetail.swift; sourceTree = "<group>"; };
		A4E998E826A616C000FAED75 /* FavoriteButton.swift */ = {isa = PBXFileReference; lastKnownFileType = sourcecode.swift; path = FavoriteButton.swift; sourceTree = "<group>"; };
		A4E998ED26A6204F00FAED75 /* HexagonParameters.swift */ = {isa = PBXFileReference; lastKnownFileType = sourcecode.swift; path = HexagonParameters.swift; sourceTree = "<group>"; };
		A4E998F026A625F300FAED75 /* BadgeBackground.swift */ = {isa = PBXFileReference; lastKnownFileType = sourcecode.swift; path = BadgeBackground.swift; sourceTree = "<group>"; };
/* End PBXFileReference section */

/* Begin PBXFrameworksBuildPhase section */
		A47ED2A226A1D59E00B3D5ED /* Frameworks */ = {
			isa = PBXFrameworksBuildPhase;
			buildActionMask = 2147483647;
			files = (
			);
			runOnlyForDeploymentPostprocessing = 0;
		};
		A47ED2AA26A1D59E00B3D5ED /* Frameworks */ = {
			isa = PBXFrameworksBuildPhase;
			buildActionMask = 2147483647;
			files = (
			);
			runOnlyForDeploymentPostprocessing = 0;
		};
		A47ED2B226A1D59E00B3D5ED /* Frameworks */ = {
			isa = PBXFrameworksBuildPhase;
			buildActionMask = 2147483647;
			files = (
			);
			runOnlyForDeploymentPostprocessing = 0;
		};
		A47ED2BD26A1D59E00B3D5ED /* Frameworks */ = {
			isa = PBXFrameworksBuildPhase;
			buildActionMask = 2147483647;
			files = (
			);
			runOnlyForDeploymentPostprocessing = 0;
		};
/* End PBXFrameworksBuildPhase section */

/* Begin PBXGroup section */
		A47ED29826A1D59C00B3D5ED = {
			isa = PBXGroup;
			children = (
				A47ED29D26A1D59C00B3D5ED /* Shared */,
				A47ED2A726A1D59E00B3D5ED /* iOS */,
				A47ED2AE26A1D59E00B3D5ED /* macOS */,
				A47ED2B826A1D59E00B3D5ED /* Tests iOS */,
				A47ED2C326A1D59E00B3D5ED /* Tests macOS */,
				A47ED2A626A1D59E00B3D5ED /* Products */,
			);
			sourceTree = "<group>";
		};
		A47ED29D26A1D59C00B3D5ED /* Shared */ = {
			isa = PBXGroup;
			children = (
				A47ED29E26A1D59C00B3D5ED /* LandmarksApp.swift */,
				A47ED2ED26A2300000B3D5ED /* Views */,
				A47ED2EE26A2302400B3D5ED /* Model */,
				A47ED2EF26A2305000B3D5ED /* Resources */,
				A47ED2A026A1D59E00B3D5ED /* Assets.xcassets */,
			);
			path = Shared;
			sourceTree = "<group>";
		};
		A47ED2A626A1D59E00B3D5ED /* Products */ = {
			isa = PBXGroup;
			children = (
				A47ED2A526A1D59E00B3D5ED /* Landmarks.app */,
				A47ED2AD26A1D59E00B3D5ED /* Landmarks.app */,
				A47ED2B526A1D59E00B3D5ED /* Tests iOS.xctest */,
				A47ED2C026A1D59E00B3D5ED /* Tests macOS.xctest */,
			);
			name = Products;
			sourceTree = "<group>";
		};
		A47ED2A726A1D59E00B3D5ED /* iOS */ = {
			isa = PBXGroup;
			children = (
				A47ED2A826A1D59E00B3D5ED /* Info.plist */,
			);
			path = iOS;
			sourceTree = "<group>";
		};
		A47ED2AE26A1D59E00B3D5ED /* macOS */ = {
			isa = PBXGroup;
			children = (
				A47ED2AF26A1D59E00B3D5ED /* Info.plist */,
				A47ED2B026A1D59E00B3D5ED /* macOS.entitlements */,
			);
			path = macOS;
			sourceTree = "<group>";
		};
		A47ED2B826A1D59E00B3D5ED /* Tests iOS */ = {
			isa = PBXGroup;
			children = (
				A47ED2B926A1D59E00B3D5ED /* Tests_iOS.swift */,
				A47ED2BB26A1D59E00B3D5ED /* Info.plist */,
			);
			path = "Tests iOS";
			sourceTree = "<group>";
		};
		A47ED2C326A1D59E00B3D5ED /* Tests macOS */ = {
			isa = PBXGroup;
			children = (
				A47ED2C426A1D59E00B3D5ED /* Tests_macOS.swift */,
				A47ED2C626A1D59E00B3D5ED /* Info.plist */,
			);
			path = "Tests macOS";
			sourceTree = "<group>";
		};
		A47ED2ED26A2300000B3D5ED /* Views */ = {
			isa = PBXGroup;
			children = (
				A4E2B13126A7229000859501 /* Badges */,
				A4E998EB26A617E300FAED75 /* Landmarks */,
				A4E998EC26A6180000FAED75 /* Helpers */,
				A47ED29F26A1D59C00B3D5ED /* ContentView.swift */,
			);
			path = Views;
			sourceTree = "<group>";
		};
		A47ED2EE26A2302400B3D5ED /* Model */ = {
			isa = PBXGroup;
			children = (
				A47ED2E426A2295100B3D5ED /* Landmark.swift */,
				A47ED2E726A22D2600B3D5ED /* ModelData.swift */,
			);
			path = Model;
			sourceTree = "<group>";
		};
		A47ED2EF26A2305000B3D5ED /* Resources */ = {
			isa = PBXGroup;
			children = (
				A47ED2E126A2245A00B3D5ED /* landmarkData.json */,
			);
			path = Resources;
			sourceTree = "<group>";
		};
		A4E2B13126A7229000859501 /* Badges */ = {
			isa = PBXGroup;
			children = (
				A4E2B12E26A71FEC00859501 /* Badge.swift */,
				A4E998F026A625F300FAED75 /* BadgeBackground.swift */,
				A4E2B12826A7168D00859501 /* BadgeSymbol.swift */,
				A4E2B12B26A71EBA00859501 /* RotateBadgeSymbol.swift */,
				A4E998ED26A6204F00FAED75 /* HexagonParameters.swift */,
			);
			path = Badges;
			sourceTree = "<group>";
		};
		A4E998EB26A617E300FAED75 /* Landmarks */ = {
			isa = PBXGroup;
			children = (
				A4E998E226A5C56900FAED75 /* LandmarkList.swift */,
				A4E998E526A5C9D700FAED75 /* LandmarkDetail.swift */,
				A47ED2F026A2366F00B3D5ED /* LandmarkRow.swift */,
			);
			path = Landmarks;
			sourceTree = "<group>";
		};
		A4E998EC26A6180000FAED75 /* Helpers */ = {
			isa = PBXGroup;
			children = (
				A47ED2DB26A1EB5B00B3D5ED /* CircleImage.swift */,
				A47ED2DE26A1F0CB00B3D5ED /* MapView.swift */,
				A4E998E826A616C000FAED75 /* FavoriteButton.swift */,
			);
			path = Helpers;
			sourceTree = "<group>";
		};
/* End PBXGroup section */

/* Begin PBXNativeTarget section */
		A47ED2A426A1D59E00B3D5ED /* Landmarks (iOS) */ = {
			isa = PBXNativeTarget;
			buildConfigurationList = A47ED2CF26A1D59E00B3D5ED /* Build configuration list for PBXNativeTarget "Landmarks (iOS)" */;
			buildPhases = (
				A47ED2A126A1D59E00B3D5ED /* Sources */,
				A47ED2A226A1D59E00B3D5ED /* Frameworks */,
				A47ED2A326A1D59E00B3D5ED /* Resources */,
			);
			buildRules = (
			);
			dependencies = (
			);
			name = "Landmarks (iOS)";
			productName = "Landmarks (iOS)";
			productReference = A47ED2A526A1D59E00B3D5ED /* Landmarks.app */;
			productType = "com.apple.product-type.application";
		};
		A47ED2AC26A1D59E00B3D5ED /* Landmarks (macOS) */ = {
			isa = PBXNativeTarget;
			buildConfigurationList = A47ED2D226A1D59E00B3D5ED /* Build configuration list for PBXNativeTarget "Landmarks (macOS)" */;
			buildPhases = (
				A47ED2A926A1D59E00B3D5ED /* Sources */,
				A47ED2AA26A1D59E00B3D5ED /* Frameworks */,
				A47ED2AB26A1D59E00B3D5ED /* Resources */,
			);
			buildRules = (
			);
			dependencies = (
			);
			name = "Landmarks (macOS)";
			productName = "Landmarks (macOS)";
			productReference = A47ED2AD26A1D59E00B3D5ED /* Landmarks.app */;
			productType = "com.apple.product-type.application";
		};
		A47ED2B426A1D59E00B3D5ED /* Tests iOS */ = {
			isa = PBXNativeTarget;
			buildConfigurationList = A47ED2D526A1D59E00B3D5ED /* Build configuration list for PBXNativeTarget "Tests iOS" */;
			buildPhases = (
				A47ED2B126A1D59E00B3D5ED /* Sources */,
				A47ED2B226A1D59E00B3D5ED /* Frameworks */,
				A47ED2B326A1D59E00B3D5ED /* Resources */,
			);
			buildRules = (
			);
			dependencies = (
				A47ED2B726A1D59E00B3D5ED /* PBXTargetDependency */,
			);
			name = "Tests iOS";
			productName = "Tests iOS";
			productReference = A47ED2B526A1D59E00B3D5ED /* Tests iOS.xctest */;
			productType = "com.apple.product-type.bundle.ui-testing";
		};
		A47ED2BF26A1D59E00B3D5ED /* Tests macOS */ = {
			isa = PBXNativeTarget;
			buildConfigurationList = A47ED2D826A1D59E00B3D5ED /* Build configuration list for PBXNativeTarget "Tests macOS" */;
			buildPhases = (
				A47ED2BC26A1D59E00B3D5ED /* Sources */,
				A47ED2BD26A1D59E00B3D5ED /* Frameworks */,
				A47ED2BE26A1D59E00B3D5ED /* Resources */,
			);
			buildRules = (
			);
			dependencies = (
				A47ED2C226A1D59E00B3D5ED /* PBXTargetDependency */,
			);
			name = "Tests macOS";
			productName = "Tests macOS";
			productReference = A47ED2C026A1D59E00B3D5ED /* Tests macOS.xctest */;
			productType = "com.apple.product-type.bundle.ui-testing";
		};
/* End PBXNativeTarget section */

/* Begin PBXProject section */
		A47ED29926A1D59C00B3D5ED /* Project object */ = {
			isa = PBXProject;
			attributes = {
				LastSwiftUpdateCheck = 1250;
				LastUpgradeCheck = 1250;
				TargetAttributes = {
					A47ED2A426A1D59E00B3D5ED = {
						CreatedOnToolsVersion = 12.5;
					};
					A47ED2AC26A1D59E00B3D5ED = {
						CreatedOnToolsVersion = 12.5;
					};
					A47ED2B426A1D59E00B3D5ED = {
						CreatedOnToolsVersion = 12.5;
						TestTargetID = A47ED2A426A1D59E00B3D5ED;
					};
					A47ED2BF26A1D59E00B3D5ED = {
						CreatedOnToolsVersion = 12.5;
						TestTargetID = A47ED2AC26A1D59E00B3D5ED;
					};
				};
			};
			buildConfigurationList = A47ED29C26A1D59C00B3D5ED /* Build configuration list for PBXProject "Landmarks" */;
			compatibilityVersion = "Xcode 9.3";
			developmentRegion = en;
			hasScannedForEncodings = 0;
			knownRegions = (
				en,
				Base,
			);
			mainGroup = A47ED29826A1D59C00B3D5ED;
			productRefGroup = A47ED2A626A1D59E00B3D5ED /* Products */;
			projectDirPath = "";
			projectRoot = "";
			targets = (
				A47ED2A426A1D59E00B3D5ED /* Landmarks (iOS) */,
				A47ED2AC26A1D59E00B3D5ED /* Landmarks (macOS) */,
				A47ED2B426A1D59E00B3D5ED /* Tests iOS */,
				A47ED2BF26A1D59E00B3D5ED /* Tests macOS */,
			);
		};
/* End PBXProject section */

/* Begin PBXResourcesBuildPhase section */
		A47ED2A326A1D59E00B3D5ED /* Resources */ = {
			isa = PBXResourcesBuildPhase;
			buildActionMask = 2147483647;
			files = (
				A47ED2CB26A1D59E00B3D5ED /* Assets.xcassets in Resources */,
				A47ED2E226A2245A00B3D5ED /* landmarkData.json in Resources */,
			);
			runOnlyForDeploymentPostprocessing = 0;
		};
		A47ED2AB26A1D59E00B3D5ED /* Resources */ = {
			isa = PBXResourcesBuildPhase;
			buildActionMask = 2147483647;
			files = (
				A47ED2CC26A1D59E00B3D5ED /* Assets.xcassets in Resources */,
				A47ED2E326A2245A00B3D5ED /* landmarkData.json in Resources */,
			);
			runOnlyForDeploymentPostprocessing = 0;
		};
		A47ED2B326A1D59E00B3D5ED /* Resources */ = {
			isa = PBXResourcesBuildPhase;
			buildActionMask = 2147483647;
			files = (
			);
			runOnlyForDeploymentPostprocessing = 0;
		};
		A47ED2BE26A1D59E00B3D5ED /* Resources */ = {
			isa = PBXResourcesBuildPhase;
			buildActionMask = 2147483647;
			files = (
			);
			runOnlyForDeploymentPostprocessing = 0;
		};
/* End PBXResourcesBuildPhase section */

/* Begin PBXSourcesBuildPhase section */
		A47ED2A126A1D59E00B3D5ED /* Sources */ = {
			isa = PBXSourcesBuildPhase;
			buildActionMask = 2147483647;
			files = (
				A47ED2C926A1D59E00B3D5ED /* ContentView.swift in Sources */,
				A4E2B12F26A71FEC00859501 /* Badge.swift in Sources */,
				A47ED2DF26A1F0CB00B3D5ED /* MapView.swift in Sources */,
				A4E2B12C26A71EBA00859501 /* RotateBadgeSymbol.swift in Sources */,
				A47ED2C726A1D59E00B3D5ED /* LandmarksApp.swift in Sources */,
				A4E998E926A616C000FAED75 /* FavoriteButton.swift in Sources */,
				A4E998E326A5C56900FAED75 /* LandmarkList.swift in Sources */,
				A4E2B12926A7168D00859501 /* BadgeSymbol.swift in Sources */,
				A4E998E626A5C9D700FAED75 /* LandmarkDetail.swift in Sources */,
				A47ED2DC26A1EB5B00B3D5ED /* CircleImage.swift in Sources */,
				A4E998F126A625F300FAED75 /* BadgeBackground.swift in Sources */,
				A47ED2E526A2295100B3D5ED /* Landmark.swift in Sources */,
				A4E998EE26A6204F00FAED75 /* HexagonParameters.swift in Sources */,
				A47ED2F126A2366F00B3D5ED /* LandmarkRow.swift in Sources */,
				A47ED2E826A22D2600B3D5ED /* ModelData.swift in Sources */,
			);
			runOnlyForDeploymentPostprocessing = 0;
		};
		A47ED2A926A1D59E00B3D5ED /* Sources */ = {
			isa = PBXSourcesBuildPhase;
			buildActionMask = 2147483647;
			files = (
				A47ED2CA26A1D59E00B3D5ED /* ContentView.swift in Sources */,
				A4E2B13026A71FEC00859501 /* Badge.swift in Sources */,
				A47ED2E026A1F0CB00B3D5ED /* MapView.swift in Sources */,
				A4E2B12D26A71EBA00859501 /* RotateBadgeSymbol.swift in Sources */,
				A47ED2C826A1D59E00B3D5ED /* LandmarksApp.swift in Sources */,
				A4E998EA26A616C000FAED75 /* FavoriteButton.swift in Sources */,
				A4E998E426A5C56900FAED75 /* LandmarkList.swift in Sources */,
				A4E2B12A26A7168D00859501 /* BadgeSymbol.swift in Sources */,
				A4E998E726A5C9D700FAED75 /* LandmarkDetail.swift in Sources */,
				A47ED2DD26A1EB5B00B3D5ED /* CircleImage.swift in Sources */,
				A4E998F226A625F300FAED75 /* BadgeBackground.swift in Sources */,
				A47ED2E626A2295100B3D5ED /* Landmark.swift in Sources */,
				A4E998EF26A6204F00FAED75 /* HexagonParameters.swift in Sources */,
				A47ED2F226A2366F00B3D5ED /* LandmarkRow.swift in Sources */,
				A47ED2E926A22D2600B3D5ED /* ModelData.swift in Sources */,
			);
			runOnlyForDeploymentPostprocessing = 0;
		};
		A47ED2B126A1D59E00B3D5ED /* Sources */ = {
			isa = PBXSourcesBuildPhase;
			buildActionMask = 2147483647;
			files = (
				A47ED2BA26A1D59E00B3D5ED /* Tests_iOS.swift in Sources */,
			);
			runOnlyForDeploymentPostprocessing = 0;
		};
		A47ED2BC26A1D59E00B3D5ED /* Sources */ = {
			isa = PBXSourcesBuildPhase;
			buildActionMask = 2147483647;
			files = (
				A47ED2C526A1D59E00B3D5ED /* Tests_macOS.swift in Sources */,
			);
			runOnlyForDeploymentPostprocessing = 0;
		};
/* End PBXSourcesBuildPhase section */

/* Begin PBXTargetDependency section */
		A47ED2B726A1D59E00B3D5ED /* PBXTargetDependency */ = {
			isa = PBXTargetDependency;
			target = A47ED2A426A1D59E00B3D5ED /* Landmarks (iOS) */;
			targetProxy = A47ED2B626A1D59E00B3D5ED /* PBXContainerItemProxy */;
		};
		A47ED2C226A1D59E00B3D5ED /* PBXTargetDependency */ = {
			isa = PBXTargetDependency;
			target = A47ED2AC26A1D59E00B3D5ED /* Landmarks (macOS) */;
			targetProxy = A47ED2C126A1D59E00B3D5ED /* PBXContainerItemProxy */;
		};
/* End PBXTargetDependency section */

/* Begin XCBuildConfiguration section */
		A47ED2CD26A1D59E00B3D5ED /* Debug */ = {
			isa = XCBuildConfiguration;
			buildSettings = {
				ALWAYS_SEARCH_USER_PATHS = NO;
				CLANG_ANALYZER_NONNULL = YES;
				CLANG_ANALYZER_NUMBER_OBJECT_CONVERSION = YES_AGGRESSIVE;
				CLANG_CXX_LANGUAGE_STANDARD = "gnu++14";
				CLANG_CXX_LIBRARY = "libc++";
				CLANG_ENABLE_MODULES = YES;
				CLANG_ENABLE_OBJC_ARC = YES;
				CLANG_ENABLE_OBJC_WEAK = YES;
				CLANG_WARN_BLOCK_CAPTURE_AUTORELEASING = YES;
				CLANG_WARN_BOOL_CONVERSION = YES;
				CLANG_WARN_COMMA = YES;
				CLANG_WARN_CONSTANT_CONVERSION = YES;
				CLANG_WARN_DEPRECATED_OBJC_IMPLEMENTATIONS = YES;
				CLANG_WARN_DIRECT_OBJC_ISA_USAGE = YES_ERROR;
				CLANG_WARN_DOCUMENTATION_COMMENTS = YES;
				CLANG_WARN_EMPTY_BODY = YES;
				CLANG_WARN_ENUM_CONVERSION = YES;
				CLANG_WARN_INFINITE_RECURSION = YES;
				CLANG_WARN_INT_CONVERSION = YES;
				CLANG_WARN_NON_LITERAL_NULL_CONVERSION = YES;
				CLANG_WARN_OBJC_IMPLICIT_RETAIN_SELF = YES;
				CLANG_WARN_OBJC_LITERAL_CONVERSION = YES;
				CLANG_WARN_OBJC_ROOT_CLASS = YES_ERROR;
				CLANG_WARN_QUOTED_INCLUDE_IN_FRAMEWORK_HEADER = YES;
				CLANG_WARN_RANGE_LOOP_ANALYSIS = YES;
				CLANG_WARN_STRICT_PROTOTYPES = YES;
				CLANG_WARN_SUSPICIOUS_MOVE = YES;
				CLANG_WARN_UNGUARDED_AVAILABILITY = YES_AGGRESSIVE;
				CLANG_WARN_UNREACHABLE_CODE = YES;
				CLANG_WARN__DUPLICATE_METHOD_MATCH = YES;
				COPY_PHASE_STRIP = NO;
				DEBUG_INFORMATION_FORMAT = dwarf;
				ENABLE_STRICT_OBJC_MSGSEND = YES;
				ENABLE_TESTABILITY = YES;
				GCC_C_LANGUAGE_STANDARD = gnu11;
				GCC_DYNAMIC_NO_PIC = NO;
				GCC_NO_COMMON_BLOCKS = YES;
				GCC_OPTIMIZATION_LEVEL = 0;
				GCC_PREPROCESSOR_DEFINITIONS = (
					"DEBUG=1",
					"$(inherited)",
				);
				GCC_WARN_64_TO_32_BIT_CONVERSION = YES;
				GCC_WARN_ABOUT_RETURN_TYPE = YES_ERROR;
				GCC_WARN_UNDECLARED_SELECTOR = YES;
				GCC_WARN_UNINITIALIZED_AUTOS = YES_AGGRESSIVE;
				GCC_WARN_UNUSED_FUNCTION = YES;
				GCC_WARN_UNUSED_VARIABLE = YES;
				MTL_ENABLE_DEBUG_INFO = INCLUDE_SOURCE;
				MTL_FAST_MATH = YES;
				ONLY_ACTIVE_ARCH = YES;
				SWIFT_ACTIVE_COMPILATION_CONDITIONS = DEBUG;
				SWIFT_OPTIMIZATION_LEVEL = "-Onone";
			};
			name = Debug;
		};
		A47ED2CE26A1D59E00B3D5ED /* Release */ = {
			isa = XCBuildConfiguration;
			buildSettings = {
				ALWAYS_SEARCH_USER_PATHS = NO;
				CLANG_ANALYZER_NONNULL = YES;
				CLANG_ANALYZER_NUMBER_OBJECT_CONVERSION = YES_AGGRESSIVE;
				CLANG_CXX_LANGUAGE_STANDARD = "gnu++14";
				CLANG_CXX_LIBRARY = "libc++";
				CLANG_ENABLE_MODULES = YES;
				CLANG_ENABLE_OBJC_ARC = YES;
				CLANG_ENABLE_OBJC_WEAK = YES;
				CLANG_WARN_BLOCK_CAPTURE_AUTORELEASING = YES;
				CLANG_WARN_BOOL_CONVERSION = YES;
				CLANG_WARN_COMMA = YES;
				CLANG_WARN_CONSTANT_CONVERSION = YES;
				CLANG_WARN_DEPRECATED_OBJC_IMPLEMENTATIONS = YES;
				CLANG_WARN_DIRECT_OBJC_ISA_USAGE = YES_ERROR;
				CLANG_WARN_DOCUMENTATION_COMMENTS = YES;
				CLANG_WARN_EMPTY_BODY = YES;
				CLANG_WARN_ENUM_CONVERSION = YES;
				CLANG_WARN_INFINITE_RECURSION = YES;
				CLANG_WARN_INT_CONVERSION = YES;
				CLANG_WARN_NON_LITERAL_NULL_CONVERSION = YES;
				CLANG_WARN_OBJC_IMPLICIT_RETAIN_SELF = YES;
				CLANG_WARN_OBJC_LITERAL_CONVERSION = YES;
				CLANG_WARN_OBJC_ROOT_CLASS = YES_ERROR;
				CLANG_WARN_QUOTED_INCLUDE_IN_FRAMEWORK_HEADER = YES;
				CLANG_WARN_RANGE_LOOP_ANALYSIS = YES;
				CLANG_WARN_STRICT_PROTOTYPES = YES;
				CLANG_WARN_SUSPICIOUS_MOVE = YES;
				CLANG_WARN_UNGUARDED_AVAILABILITY = YES_AGGRESSIVE;
				CLANG_WARN_UNREACHABLE_CODE = YES;
				CLANG_WARN__DUPLICATE_METHOD_MATCH = YES;
				COPY_PHASE_STRIP = NO;
				DEBUG_INFORMATION_FORMAT = "dwarf-with-dsym";
				ENABLE_NS_ASSERTIONS = NO;
				ENABLE_STRICT_OBJC_MSGSEND = YES;
				GCC_C_LANGUAGE_STANDARD = gnu11;
				GCC_NO_COMMON_BLOCKS = YES;
				GCC_WARN_64_TO_32_BIT_CONVERSION = YES;
				GCC_WARN_ABOUT_RETURN_TYPE = YES_ERROR;
				GCC_WARN_UNDECLARED_SELECTOR = YES;
				GCC_WARN_UNINITIALIZED_AUTOS = YES_AGGRESSIVE;
				GCC_WARN_UNUSED_FUNCTION = YES;
				GCC_WARN_UNUSED_VARIABLE = YES;
				MTL_ENABLE_DEBUG_INFO = NO;
				MTL_FAST_MATH = YES;
				SWIFT_COMPILATION_MODE = wholemodule;
				SWIFT_OPTIMIZATION_LEVEL = "-O";
			};
			name = Release;
		};
		A47ED2D026A1D59E00B3D5ED /* Debug */ = {
			isa = XCBuildConfiguration;
			buildSettings = {
				ASSETCATALOG_COMPILER_APPICON_NAME = AppIcon;
				ASSETCATALOG_COMPILER_GLOBAL_ACCENT_COLOR_NAME = AccentColor;
				CODE_SIGN_STYLE = Automatic;
				ENABLE_PREVIEWS = YES;
				INFOPLIST_FILE = iOS/Info.plist;
				IPHONEOS_DEPLOYMENT_TARGET = 14.0;
				LD_RUNPATH_SEARCH_PATHS = (
					"$(inherited)",
					"@executable_path/Frameworks",
				);
				PRODUCT_BUNDLE_IDENTIFIER = alos1895.Landmarks;
				PRODUCT_NAME = Landmarks;
				SDKROOT = iphoneos;
				SWIFT_VERSION = 5.0;
				TARGETED_DEVICE_FAMILY = "1,2";
			};
			name = Debug;
		};
		A47ED2D126A1D59E00B3D5ED /* Release */ = {
			isa = XCBuildConfiguration;
			buildSettings = {
				ASSETCATALOG_COMPILER_APPICON_NAME = AppIcon;
				ASSETCATALOG_COMPILER_GLOBAL_ACCENT_COLOR_NAME = AccentColor;
				CODE_SIGN_STYLE = Automatic;
				ENABLE_PREVIEWS = YES;
				INFOPLIST_FILE = iOS/Info.plist;
				IPHONEOS_DEPLOYMENT_TARGET = 14.0;
				LD_RUNPATH_SEARCH_PATHS = (
					"$(inherited)",
					"@executable_path/Frameworks",
				);
				PRODUCT_BUNDLE_IDENTIFIER = alos1895.Landmarks;
				PRODUCT_NAME = Landmarks;
				SDKROOT = iphoneos;
				SWIFT_VERSION = 5.0;
				TARGETED_DEVICE_FAMILY = "1,2";
				VALIDATE_PRODUCT = YES;
			};
			name = Release;
		};
		A47ED2D326A1D59E00B3D5ED /* Debug */ = {
			isa = XCBuildConfiguration;
			buildSettings = {
				ASSETCATALOG_COMPILER_APPICON_NAME = AppIcon;
				ASSETCATALOG_COMPILER_GLOBAL_ACCENT_COLOR_NAME = AccentColor;
				CODE_SIGN_ENTITLEMENTS = macOS/macOS.entitlements;
				CODE_SIGN_STYLE = Automatic;
				COMBINE_HIDPI_IMAGES = YES;
				ENABLE_PREVIEWS = YES;
				INFOPLIST_FILE = macOS/Info.plist;
				LD_RUNPATH_SEARCH_PATHS = (
					"$(inherited)",
					"@executable_path/../Frameworks",
				);
				MACOSX_DEPLOYMENT_TARGET = 11.0;
				PRODUCT_BUNDLE_IDENTIFIER = alos1895.Landmarks;
				PRODUCT_NAME = Landmarks;
				SDKROOT = macosx;
				SWIFT_VERSION = 5.0;
			};
			name = Debug;
		};
		A47ED2D426A1D59E00B3D5ED /* Release */ = {
			isa = XCBuildConfiguration;
			buildSettings = {
				ASSETCATALOG_COMPILER_APPICON_NAME = AppIcon;
				ASSETCATALOG_COMPILER_GLOBAL_ACCENT_COLOR_NAME = AccentColor;
				CODE_SIGN_ENTITLEMENTS = macOS/macOS.entitlements;
				CODE_SIGN_STYLE = Automatic;
				COMBINE_HIDPI_IMAGES = YES;
				ENABLE_PREVIEWS = YES;
				INFOPLIST_FILE = macOS/Info.plist;
				LD_RUNPATH_SEARCH_PATHS = (
					"$(inherited)",
					"@executable_path/../Frameworks",
				);
				MACOSX_DEPLOYMENT_TARGET = 11.0;
				PRODUCT_BUNDLE_IDENTIFIER = alos1895.Landmarks;
				PRODUCT_NAME = Landmarks;
				SDKROOT = macosx;
				SWIFT_VERSION = 5.0;
			};
			name = Release;
		};
		A47ED2D626A1D59E00B3D5ED /* Debug */ = {
			isa = XCBuildConfiguration;
			buildSettings = {
				ALWAYS_EMBED_SWIFT_STANDARD_LIBRARIES = YES;
				CODE_SIGN_STYLE = Automatic;
				INFOPLIST_FILE = "Tests iOS/Info.plist";
				IPHONEOS_DEPLOYMENT_TARGET = 14.5;
				LD_RUNPATH_SEARCH_PATHS = (
					"$(inherited)",
					"@executable_path/Frameworks",
					"@loader_path/Frameworks",
				);
				PRODUCT_BUNDLE_IDENTIFIER = "alos1895.Tests-iOS";
				PRODUCT_NAME = "$(TARGET_NAME)";
				SDKROOT = iphoneos;
				SWIFT_VERSION = 5.0;
				TARGETED_DEVICE_FAMILY = "1,2";
				TEST_TARGET_NAME = "Landmarks (iOS)";
			};
			name = Debug;
		};
		A47ED2D726A1D59E00B3D5ED /* Release */ = {
			isa = XCBuildConfiguration;
			buildSettings = {
				ALWAYS_EMBED_SWIFT_STANDARD_LIBRARIES = YES;
				CODE_SIGN_STYLE = Automatic;
				INFOPLIST_FILE = "Tests iOS/Info.plist";
				IPHONEOS_DEPLOYMENT_TARGET = 14.5;
				LD_RUNPATH_SEARCH_PATHS = (
					"$(inherited)",
					"@executable_path/Frameworks",
					"@loader_path/Frameworks",
				);
				PRODUCT_BUNDLE_IDENTIFIER = "alos1895.Tests-iOS";
				PRODUCT_NAME = "$(TARGET_NAME)";
				SDKROOT = iphoneos;
				SWIFT_VERSION = 5.0;
				TARGETED_DEVICE_FAMILY = "1,2";
				TEST_TARGET_NAME = "Landmarks (iOS)";
				VALIDATE_PRODUCT = YES;
			};
			name = Release;
		};
		A47ED2D926A1D59E00B3D5ED /* Debug */ = {
			isa = XCBuildConfiguration;
			buildSettings = {
				ALWAYS_EMBED_SWIFT_STANDARD_LIBRARIES = YES;
				CODE_SIGN_STYLE = Automatic;
				COMBINE_HIDPI_IMAGES = YES;
				INFOPLIST_FILE = "Tests macOS/Info.plist";
				LD_RUNPATH_SEARCH_PATHS = (
					"$(inherited)",
					"@executable_path/../Frameworks",
					"@loader_path/../Frameworks",
				);
				MACOSX_DEPLOYMENT_TARGET = 11.3;
				PRODUCT_BUNDLE_IDENTIFIER = "alos1895.Tests-macOS";
				PRODUCT_NAME = "$(TARGET_NAME)";
				SDKROOT = macosx;
				SWIFT_VERSION = 5.0;
				TEST_TARGET_NAME = "Landmarks (macOS)";
			};
			name = Debug;
		};
		A47ED2DA26A1D59E00B3D5ED /* Release */ = {
			isa = XCBuildConfiguration;
			buildSettings = {
				ALWAYS_EMBED_SWIFT_STANDARD_LIBRARIES = YES;
				CODE_SIGN_STYLE = Automatic;
				COMBINE_HIDPI_IMAGES = YES;
				INFOPLIST_FILE = "Tests macOS/Info.plist";
				LD_RUNPATH_SEARCH_PATHS = (
					"$(inherited)",
					"@executable_path/../Frameworks",
					"@loader_path/../Frameworks",
				);
				MACOSX_DEPLOYMENT_TARGET = 11.3;
				PRODUCT_BUNDLE_IDENTIFIER = "alos1895.Tests-macOS";
				PRODUCT_NAME = "$(TARGET_NAME)";
				SDKROOT = macosx;
				SWIFT_VERSION = 5.0;
				TEST_TARGET_NAME = "Landmarks (macOS)";
			};
			name = Release;
		};
/* End XCBuildConfiguration section */

/* Begin XCConfigurationList section */
		A47ED29C26A1D59C00B3D5ED /* Build configuration list for PBXProject "Landmarks" */ = {
			isa = XCConfigurationList;
			buildConfigurations = (
				A47ED2CD26A1D59E00B3D5ED /* Debug */,
				A47ED2CE26A1D59E00B3D5ED /* Release */,
			);
			defaultConfigurationIsVisible = 0;
			defaultConfigurationName = Release;
		};
		A47ED2CF26A1D59E00B3D5ED /* Build configuration list for PBXNativeTarget "Landmarks (iOS)" */ = {
			isa = XCConfigurationList;
			buildConfigurations = (
				A47ED2D026A1D59E00B3D5ED /* Debug */,
				A47ED2D126A1D59E00B3D5ED /* Release */,
			);
			defaultConfigurationIsVisible = 0;
			defaultConfigurationName = Release;
		};
		A47ED2D226A1D59E00B3D5ED /* Build configuration list for PBXNativeTarget "Landmarks (macOS)" */ = {
			isa = XCConfigurationList;
			buildConfigurations = (
				A47ED2D326A1D59E00B3D5ED /* Debug */,
				A47ED2D426A1D59E00B3D5ED /* Release */,
			);
			defaultConfigurationIsVisible = 0;
			defaultConfigurationName = Release;
		};
		A47ED2D526A1D59E00B3D5ED /* Build configuration list for PBXNativeTarget "Tests iOS" */ = {
			isa = XCConfigurationList;
			buildConfigurations = (
				A47ED2D626A1D59E00B3D5ED /* Debug */,
				A47ED2D726A1D59E00B3D5ED /* Release */,
			);
			defaultConfigurationIsVisible = 0;
			defaultConfigurationName = Release;
		};
		A47ED2D826A1D59E00B3D5ED /* Build configuration list for PBXNativeTarget "Tests macOS" */ = {
			isa = XCConfigurationList;
			buildConfigurations = (
				A47ED2D926A1D59E00B3D5ED /* Debug */,
				A47ED2DA26A1D59E00B3D5ED /* Release */,
			);
			defaultConfigurationIsVisible = 0;
			defaultConfigurationName = Release;
		};
/* End XCConfigurationList section */
	};
	rootObject = A47ED29926A1D59C00B3D5ED /* Project object */;
}
